
Microsoft Visual Studio Solution File, Format Version 12.00
# Visual Studio Version 17
VisualStudioVersion = 17.5.33414.496
MinimumVisualStudioVersion = 10.0.40219.1
Project("{FAE04EC0-301F-11D3-BF4B-00C04F79EFBC}") = "EtkinlikQr", "EtkinlikQr\EtkinlikQr.csproj", "{49CA8F7B-A15A-4D19-9E6A-315B291A7318}"
EndProject
Global
	GlobalSection(SolutionConfigurationPlatforms) = preSolution
		Debug|Any CPU = Debug|Any CPU
		Release|Any CPU = Release|Any CPU
	EndGlobalSection
	GlobalSection(ProjectConfigurationPlatforms) = postSolution
		{49CA8F7B-A15A-4D19-9E6A-315B291A7318}.Debug|Any CPU.ActiveCfg = Debug|Any CPU
		{49CA8F7B-A15A-4D19-9E6A-315B291A7318}.Debug|Any CPU.Build.0 = Debug|Any CPU
		{49CA8F7B-A15A-4D19-9E6A-315B291A7318}.Release|Any CPU.ActiveCfg = Release|Any CPU
		{49CA8F7B-A15A-4D19-9E6A-315B291A7318}.Release|Any CPU.Build.0 = Release|Any CPU
	EndGlobalSection
	GlobalSection(SolutionProperties) = preSolution
		HideSolutionNode = FALSE
	EndGlobalSection
	GlobalSection(ExtensibilityGlobals) = postSolution
		SolutionGuid = {F0BBA397-6644-4983-9F22-CA01CD69F5B7}
	EndGlobalSection
EndGlobal
